// !$*UTF8*$!
{
	archiveVersion = 1;
	classes = {
	};
	objectVersion = 56;
	objects = {

/* Begin PBXBuildFile section */
		105596B32AFBE3B000D70E6E /* AirBnbCloneApp.swift in Sources */ = {isa = PBXBuildFile; fileRef = 105596B22AFBE3B000D70E6E /* AirBnbCloneApp.swift */; };
		105596B52AFBE3B000D70E6E /* ContentView.swift in Sources */ = {isa = PBXBuildFile; fileRef = 105596B42AFBE3B000D70E6E /* ContentView.swift */; };
		105596B72AFBE3B300D70E6E /* Assets.xcassets in Resources */ = {isa = PBXBuildFile; fileRef = 105596B62AFBE3B300D70E6E /* Assets.xcassets */; };
		105596BA2AFBE3B300D70E6E /* Preview Assets.xcassets in Resources */ = {isa = PBXBuildFile; fileRef = 105596B92AFBE3B300D70E6E /* Preview Assets.xcassets */; };
		105596CF2AFBE7CA00D70E6E /* ExploreView.swift in Sources */ = {isa = PBXBuildFile; fileRef = 105596CE2AFBE7CA00D70E6E /* ExploreView.swift */; };
		105596D12AFBEC5200D70E6E /* ListingView.swift in Sources */ = {isa = PBXBuildFile; fileRef = 105596D02AFBEC5200D70E6E /* ListingView.swift */; };
		105596D32AFBF84E00D70E6E /* SearchAndFilterBar.swift in Sources */ = {isa = PBXBuildFile; fileRef = 105596D22AFBF84E00D70E6E /* SearchAndFilterBar.swift */; };
/* End PBXBuildFile section */

/* Begin PBXFileReference section */
		105596AF2AFBE3B000D70E6E /* AirBnbClone.app */ = {isa = PBXFileReference; explicitFileType = wrapper.application; includeInIndex = 0; path = AirBnbClone.app; sourceTree = BUILT_PRODUCTS_DIR; };
		105596B22AFBE3B000D70E6E /* AirBnbCloneApp.swift */ = {isa = PBXFileReference; lastKnownFileType = sourcecode.swift; path = AirBnbCloneApp.swift; sourceTree = "<group>"; };
		105596B42AFBE3B000D70E6E /* ContentView.swift */ = {isa = PBXFileReference; lastKnownFileType = sourcecode.swift; path = ContentView.swift; sourceTree = "<group>"; };
		105596B62AFBE3B300D70E6E /* Assets.xcassets */ = {isa = PBXFileReference; lastKnownFileType = folder.assetcatalog; path = Assets.xcassets; sourceTree = "<group>"; };
		105596B92AFBE3B300D70E6E /* Preview Assets.xcassets */ = {isa = PBXFileReference; lastKnownFileType = folder.assetcatalog; path = "Preview Assets.xcassets"; sourceTree = "<group>"; };
		105596CE2AFBE7CA00D70E6E /* ExploreView.swift */ = {isa = PBXFileReference; lastKnownFileType = sourcecode.swift; path = ExploreView.swift; sourceTree = "<group>"; };
		105596D02AFBEC5200D70E6E /* ListingView.swift */ = {isa = PBXFileReference; lastKnownFileType = sourcecode.swift; path = ListingView.swift; sourceTree = "<group>"; };
		105596D22AFBF84E00D70E6E /* SearchAndFilterBar.swift */ = {isa = PBXFileReference; lastKnownFileType = sourcecode.swift; path = SearchAndFilterBar.swift; sourceTree = "<group>"; };
/* End PBXFileReference section */

/* Begin PBXFrameworksBuildPhase section */
		105596AC2AFBE3B000D70E6E /* Frameworks */ = {
			isa = PBXFrameworksBuildPhase;
			buildActionMask = 2147483647;
			files = (
			);
			runOnlyForDeploymentPostprocessing = 0;
		};
/* End PBXFrameworksBuildPhase section */

/* Begin PBXGroup section */
		105596A62AFBE3B000D70E6E = {
			isa = PBXGroup;
			children = (
				105596B12AFBE3B000D70E6E /* AirBnbClone */,
				105596B02AFBE3B000D70E6E /* Products */,
			);
			sourceTree = "<group>";
		};
		105596B02AFBE3B000D70E6E /* Products */ = {
			isa = PBXGroup;
			children = (
				105596AF2AFBE3B000D70E6E /* AirBnbClone.app */,
			);
			name = Products;
			sourceTree = "<group>";
		};
		105596B12AFBE3B000D70E6E /* AirBnbClone */ = {
			isa = PBXGroup;
			children = (
				105596C02AFBE4A200D70E6E /* App */,
				105596C12AFBE4AC00D70E6E /* Core */,
				105596C22AFBE4BC00D70E6E /* Extensions */,
				105596C32AFBE4C800D70E6E /* Model */,
				105596C42AFBE4D400D70E6E /* Utils */,
				105596B62AFBE3B300D70E6E /* Assets.xcassets */,
				105596B82AFBE3B300D70E6E /* Preview Content */,
			);
			path = AirBnbClone;
			sourceTree = "<group>";
		};
		105596B82AFBE3B300D70E6E /* Preview Content */ = {
			isa = PBXGroup;
			children = (
				105596B92AFBE3B300D70E6E /* Preview Assets.xcassets */,
			);
			path = "Preview Content";
			sourceTree = "<group>";
		};
		105596C02AFBE4A200D70E6E /* App */ = {
			isa = PBXGroup;
			children = (
				105596B22AFBE3B000D70E6E /* AirBnbCloneApp.swift */,
			);
			path = App;
			sourceTree = "<group>";
		};
		105596C12AFBE4AC00D70E6E /* Core */ = {
			isa = PBXGroup;
			children = (
				105596C62AFBE5B100D70E6E /* Explore */,
				105596C72AFBE5C600D70E6E /* Listings */,
				105596C82AFBE5D600D70E6E /* MapView */,
				105596C92AFBE5FD00D70E6E /* Profile */,
				105596CD2AFBE66A00D70E6E /* Components */,
				105596CA2AFBE60A00D70E6E /* Root */,
				105596CB2AFBE62300D70E6E /* TabBar */,
				105596CC2AFBE63100D70E6E /* WishList */,
				105596C52AFBE4FD00D70E6E /* Views */,
			);
			path = Core;
			sourceTree = "<group>";
		};
		105596C22AFBE4BC00D70E6E /* Extensions */ = {
			isa = PBXGroup;
			children = (
			);
			path = Extensions;
			sourceTree = "<group>";
		};
		105596C32AFBE4C800D70E6E /* Model */ = {
			isa = PBXGroup;
			children = (
			);
			path = Model;
			sourceTree = "<group>";
		};
		105596C42AFBE4D400D70E6E /* Utils */ = {
			isa = PBXGroup;
			children = (
			);
			path = Utils;
			sourceTree = "<group>";
		};
		105596C52AFBE4FD00D70E6E /* Views */ = {
			isa = PBXGroup;
			children = (
				105596B42AFBE3B000D70E6E /* ContentView.swift */,
			);
			path = Views;
			sourceTree = "<group>";
		};
		105596C62AFBE5B100D70E6E /* Explore */ = {
			isa = PBXGroup;
			children = (
				105596CE2AFBE7CA00D70E6E /* ExploreView.swift */,
				105596D22AFBF84E00D70E6E /* SearchAndFilterBar.swift */,
			);
			path = Explore;
			sourceTree = "<group>";
		};
		105596C72AFBE5C600D70E6E /* Listings */ = {
			isa = PBXGroup;
			children = (
				105596D02AFBEC5200D70E6E /* ListingView.swift */,
			);
			path = Listings;
			sourceTree = "<group>";
		};
		105596C82AFBE5D600D70E6E /* MapView */ = {
			isa = PBXGroup;
			children = (
			);
			path = MapView;
			sourceTree = "<group>";
		};
		105596C92AFBE5FD00D70E6E /* Profile */ = {
			isa = PBXGroup;
			children = (
			);
			path = Profile;
			sourceTree = "<group>";
		};
		105596CA2AFBE60A00D70E6E /* Root */ = {
			isa = PBXGroup;
			children = (
			);
			path = Root;
			sourceTree = "<group>";
		};
		105596CB2AFBE62300D70E6E /* TabBar */ = {
			isa = PBXGroup;
			children = (
			);
			path = TabBar;
			sourceTree = "<group>";
		};
		105596CC2AFBE63100D70E6E /* WishList */ = {
			isa = PBXGroup;
			children = (
			);
			path = WishList;
			sourceTree = "<group>";
		};
		105596CD2AFBE66A00D70E6E /* Components */ = {
			isa = PBXGroup;
			children = (
			);
			path = Components;
			sourceTree = "<group>";
		};
/* End PBXGroup section */

/* Begin PBXNativeTarget section */
		105596AE2AFBE3B000D70E6E /* AirBnbClone */ = {
			isa = PBXNativeTarget;
			buildConfigurationList = 105596BD2AFBE3B300D70E6E /* Build configuration list for PBXNativeTarget "AirBnbClone" */;
			buildPhases = (
				105596AB2AFBE3B000D70E6E /* Sources */,
				105596AC2AFBE3B000D70E6E /* Frameworks */,
				105596AD2AFBE3B000D70E6E /* Resources */,
			);
			buildRules = (
			);
			dependencies = (
			);
			name = AirBnbClone;
			productName = AirBnbClone;
			productReference = 105596AF2AFBE3B000D70E6E /* AirBnbClone.app */;
			productType = "com.apple.product-type.application";
		};
/* End PBXNativeTarget section */

/* Begin PBXProject section */
		105596A72AFBE3B000D70E6E /* Project object */ = {
			isa = PBXProject;
			attributes = {
				BuildIndependentTargetsInParallel = 1;
				LastSwiftUpdateCheck = 1500;
				LastUpgradeCheck = 1500;
				TargetAttributes = {
					105596AE2AFBE3B000D70E6E = {
						CreatedOnToolsVersion = 15.0;
					};
				};
			};
			buildConfigurationList = 105596AA2AFBE3B000D70E6E /* Build configuration list for PBXProject "AirBnbClone" */;
			compatibilityVersion = "Xcode 14.0";
			developmentRegion = en;
			hasScannedForEncodings = 0;
			knownRegions = (
				en,
				Base,
			);
			mainGroup = 105596A62AFBE3B000D70E6E;
			productRefGroup = 105596B02AFBE3B000D70E6E /* Products */;
			projectDirPath = "";
			projectRoot = "";
			targets = (
				105596AE2AFBE3B000D70E6E /* AirBnbClone */,
			);
		};
/* End PBXProject section */

/* Begin PBXResourcesBuildPhase section */
		105596AD2AFBE3B000D70E6E /* Resources */ = {
			isa = PBXResourcesBuildPhase;
			buildActionMask = 2147483647;
			files = (
				105596BA2AFBE3B300D70E6E /* Preview Assets.xcassets in Resources */,
				105596B72AFBE3B300D70E6E /* Assets.xcassets in Resources */,
			);
			runOnlyForDeploymentPostprocessing = 0;
		};
/* End PBXResourcesBuildPhase section */

/* Begin PBXSourcesBuildPhase section */
		105596AB2AFBE3B000D70E6E /* Sources */ = {
			isa = PBXSourcesBuildPhase;
			buildActionMask = 2147483647;
			files = (
				105596B52AFBE3B000D70E6E /* ContentView.swift in Sources */,
				105596D12AFBEC5200D70E6E /* ListingView.swift in Sources */,
				105596CF2AFBE7CA00D70E6E /* ExploreView.swift in Sources */,
				105596D32AFBF84E00D70E6E /* SearchAndFilterBar.swift in Sources */,
				105596B32AFBE3B000D70E6E /* AirBnbCloneApp.swift in Sources */,
			);
			runOnlyForDeploymentPostprocessing = 0;
		};
/* End PBXSourcesBuildPhase section */

/* Begin XCBuildConfiguration section */
		105596BB2AFBE3B300D70E6E /* Debug */ = {
			isa = XCBuildConfiguration;
			buildSettings = {
				ALWAYS_SEARCH_USER_PATHS = NO;
				ASSETCATALOG_COMPILER_GENERATE_SWIFT_ASSET_SYMBOL_EXTENSIONS = YES;
				CLANG_ANALYZER_NONNULL = YES;
				CLANG_ANALYZER_NUMBER_OBJECT_CONVERSION = YES_AGGRESSIVE;
				CLANG_CXX_LANGUAGE_STANDARD = "gnu++20";
				CLANG_ENABLE_MODULES = YES;
				CLANG_ENABLE_OBJC_ARC = YES;
				CLANG_ENABLE_OBJC_WEAK = YES;
				CLANG_WARN_BLOCK_CAPTURE_AUTORELEASING = YES;
				CLANG_WARN_BOOL_CONVERSION = YES;
				CLANG_WARN_COMMA = YES;
				CLANG_WARN_CONSTANT_CONVERSION = YES;
				CLANG_WARN_DEPRECATED_OBJC_IMPLEMENTATIONS = YES;
				CLANG_WARN_DIRECT_OBJC_ISA_USAGE = YES_ERROR;
				CLANG_WARN_DOCUMENTATION_COMMENTS = YES;
				CLANG_WARN_EMPTY_BODY = YES;
				CLANG_WARN_ENUM_CONVERSION = YES;
				CLANG_WARN_INFINITE_RECURSION = YES;
				CLANG_WARN_INT_CONVERSION = YES;
				CLANG_WARN_NON_LITERAL_NULL_CONVERSION = YES;
				CLANG_WARN_OBJC_IMPLICIT_RETAIN_SELF = YES;
				CLANG_WARN_OBJC_LITERAL_CONVERSION = YES;
				CLANG_WARN_OBJC_ROOT_CLASS = YES_ERROR;
				CLANG_WARN_QUOTED_INCLUDE_IN_FRAMEWORK_HEADER = YES;
				CLANG_WARN_RANGE_LOOP_ANALYSIS = YES;
				CLANG_WARN_STRICT_PROTOTYPES = YES;
				CLANG_WARN_SUSPICIOUS_MOVE = YES;
				CLANG_WARN_UNGUARDED_AVAILABILITY = YES_AGGRESSIVE;
				CLANG_WARN_UNREACHABLE_CODE = YES;
				CLANG_WARN__DUPLICATE_METHOD_MATCH = YES;
				COPY_PHASE_STRIP = NO;
				DEBUG_INFORMATION_FORMAT = dwarf;
				ENABLE_STRICT_OBJC_MSGSEND = YES;
				ENABLE_TESTABILITY = YES;
				ENABLE_USER_SCRIPT_SANDBOXING = YES;
				GCC_C_LANGUAGE_STANDARD = gnu17;
				GCC_DYNAMIC_NO_PIC = NO;
				GCC_NO_COMMON_BLOCKS = YES;
				GCC_OPTIMIZATION_LEVEL = 0;
				GCC_PREPROCESSOR_DEFINITIONS = (
					"DEBUG=1",
					"$(inherited)",
				);
				GCC_WARN_64_TO_32_BIT_CONVERSION = YES;
				GCC_WARN_ABOUT_RETURN_TYPE = YES_ERROR;
				GCC_WARN_UNDECLARED_SELECTOR = YES;
				GCC_WARN_UNINITIALIZED_AUTOS = YES_AGGRESSIVE;
				GCC_WARN_UNUSED_FUNCTION = YES;
				GCC_WARN_UNUSED_VARIABLE = YES;
				IPHONEOS_DEPLOYMENT_TARGET = 17.0;
				LOCALIZATION_PREFERS_STRING_CATALOGS = YES;
				MTL_ENABLE_DEBUG_INFO = INCLUDE_SOURCE;
				MTL_FAST_MATH = YES;
				ONLY_ACTIVE_ARCH = YES;
				SDKROOT = iphoneos;
				SWIFT_ACTIVE_COMPILATION_CONDITIONS = "DEBUG $(inherited)";
				SWIFT_OPTIMIZATION_LEVEL = "-Onone";
			};
			name = Debug;
		};
		105596BC2AFBE3B300D70E6E /* Release */ = {
			isa = XCBuildConfiguration;
			buildSettings = {
				ALWAYS_SEARCH_USER_PATHS = NO;
				ASSETCATALOG_COMPILER_GENERATE_SWIFT_ASSET_SYMBOL_EXTENSIONS = YES;
				CLANG_ANALYZER_NONNULL = YES;
				CLANG_ANALYZER_NUMBER_OBJECT_CONVERSION = YES_AGGRESSIVE;
				CLANG_CXX_LANGUAGE_STANDARD = "gnu++20";
				CLANG_ENABLE_MODULES = YES;
				CLANG_ENABLE_OBJC_ARC = YES;
				CLANG_ENABLE_OBJC_WEAK = YES;
				CLANG_WARN_BLOCK_CAPTURE_AUTORELEASING = YES;
				CLANG_WARN_BOOL_CONVERSION = YES;
				CLANG_WARN_COMMA = YES;
				CLANG_WARN_CONSTANT_CONVERSION = YES;
				CLANG_WARN_DEPRECATED_OBJC_IMPLEMENTATIONS = YES;
				CLANG_WARN_DIRECT_OBJC_ISA_USAGE = YES_ERROR;
				CLANG_WARN_DOCUMENTATION_COMMENTS = YES;
				CLANG_WARN_EMPTY_BODY = YES;
				CLANG_WARN_ENUM_CONVERSION = YES;
				CLANG_WARN_INFINITE_RECURSION = YES;
				CLANG_WARN_INT_CONVERSION = YES;
				CLANG_WARN_NON_LITERAL_NULL_CONVERSION = YES;
				CLANG_WARN_OBJC_IMPLICIT_RETAIN_SELF = YES;
				CLANG_WARN_OBJC_LITERAL_CONVERSION = YES;
				CLANG_WARN_OBJC_ROOT_CLASS = YES_ERROR;
				CLANG_WARN_QUOTED_INCLUDE_IN_FRAMEWORK_HEADER = YES;
				CLANG_WARN_RANGE_LOOP_ANALYSIS = YES;
				CLANG_WARN_STRICT_PROTOTYPES = YES;
				CLANG_WARN_SUSPICIOUS_MOVE = YES;
				CLANG_WARN_UNGUARDED_AVAILABILITY = YES_AGGRESSIVE;
				CLANG_WARN_UNREACHABLE_CODE = YES;
				CLANG_WARN__DUPLICATE_METHOD_MATCH = YES;
				COPY_PHASE_STRIP = NO;
				DEBUG_INFORMATION_FORMAT = "dwarf-with-dsym";
				ENABLE_NS_ASSERTIONS = NO;
				ENABLE_STRICT_OBJC_MSGSEND = YES;
				ENABLE_USER_SCRIPT_SANDBOXING = YES;
				GCC_C_LANGUAGE_STANDARD = gnu17;
				GCC_NO_COMMON_BLOCKS = YES;
				GCC_WARN_64_TO_32_BIT_CONVERSION = YES;
				GCC_WARN_ABOUT_RETURN_TYPE = YES_ERROR;
				GCC_WARN_UNDECLARED_SELECTOR = YES;
				GCC_WARN_UNINITIALIZED_AUTOS = YES_AGGRESSIVE;
				GCC_WARN_UNUSED_FUNCTION = YES;
				GCC_WARN_UNUSED_VARIABLE = YES;
				IPHONEOS_DEPLOYMENT_TARGET = 17.0;
				LOCALIZATION_PREFERS_STRING_CATALOGS = YES;
				MTL_ENABLE_DEBUG_INFO = NO;
				MTL_FAST_MATH = YES;
				SDKROOT = iphoneos;
				SWIFT_COMPILATION_MODE = wholemodule;
				VALIDATE_PRODUCT = YES;
			};
			name = Release;
		};
		105596BE2AFBE3B300D70E6E /* Debug */ = {
			isa = XCBuildConfiguration;
			buildSettings = {
				ASSETCATALOG_COMPILER_APPICON_NAME = AppIcon;
				ASSETCATALOG_COMPILER_GLOBAL_ACCENT_COLOR_NAME = AccentColor;
				CODE_SIGN_STYLE = Automatic;
				CURRENT_PROJECT_VERSION = 1;
				DEVELOPMENT_ASSET_PATHS = "\"AirBnbClone/Preview Content\"";
				DEVELOPMENT_TEAM = 746FUAXWXU;
				ENABLE_PREVIEWS = YES;
				GENERATE_INFOPLIST_FILE = YES;
				INFOPLIST_KEY_UIApplicationSceneManifest_Generation = YES;
				INFOPLIST_KEY_UIApplicationSupportsIndirectInputEvents = YES;
				INFOPLIST_KEY_UILaunchScreen_Generation = YES;
				INFOPLIST_KEY_UISupportedInterfaceOrientations_iPad = "UIInterfaceOrientationPortrait UIInterfaceOrientationPortraitUpsideDown UIInterfaceOrientationLandscapeLeft UIInterfaceOrientationLandscapeRight";
				INFOPLIST_KEY_UISupportedInterfaceOrientations_iPhone = "UIInterfaceOrientationPortrait UIInterfaceOrientationLandscapeLeft UIInterfaceOrientationLandscapeRight";
				LD_RUNPATH_SEARCH_PATHS = (
					"$(inherited)",
					"@executable_path/Frameworks",
				);
				MARKETING_VERSION = 1.0;
				PRODUCT_BUNDLE_IDENTIFIER = com.baouba.AirBnbClone;
				PRODUCT_NAME = "$(TARGET_NAME)";
				SWIFT_EMIT_LOC_STRINGS = YES;
				SWIFT_VERSION = 5.0;
				TARGETED_DEVICE_FAMILY = "1,2";
			};
			name = Debug;
		};
		105596BF2AFBE3B300D70E6E /* Release */ = {
			isa = XCBuildConfiguration;
			buildSettings = {
				ASSETCATALOG_COMPILER_APPICON_NAME = AppIcon;
				ASSETCATALOG_COMPILER_GLOBAL_ACCENT_COLOR_NAME = AccentColor;
				CODE_SIGN_STYLE = Automatic;
				CURRENT_PROJECT_VERSION = 1;
				DEVELOPMENT_ASSET_PATHS = "\"AirBnbClone/Preview Content\"";
				DEVELOPMENT_TEAM = 746FUAXWXU;
				ENABLE_PREVIEWS = YES;
				GENERATE_INFOPLIST_FILE = YES;
				INFOPLIST_KEY_UIApplicationSceneManifest_Generation = YES;
				INFOPLIST_KEY_UIApplicationSupportsIndirectInputEvents = YES;
				INFOPLIST_KEY_UILaunchScreen_Generation = YES;
				INFOPLIST_KEY_UISupportedInterfaceOrientations_iPad = "UIInterfaceOrientationPortrait UIInterfaceOrientationPortraitUpsideDown UIInterfaceOrientationLandscapeLeft UIInterfaceOrientationLandscapeRight";
				INFOPLIST_KEY_UISupportedInterfaceOrientations_iPhone = "UIInterfaceOrientationPortrait UIInterfaceOrientationLandscapeLeft UIInterfaceOrientationLandscapeRight";
				LD_RUNPATH_SEARCH_PATHS = (
					"$(inherited)",
					"@executable_path/Frameworks",
				);
				MARKETING_VERSION = 1.0;
				PRODUCT_BUNDLE_IDENTIFIER = com.baouba.AirBnbClone;
				PRODUCT_NAME = "$(TARGET_NAME)";
				SWIFT_EMIT_LOC_STRINGS = YES;
				SWIFT_VERSION = 5.0;
				TARGETED_DEVICE_FAMILY = "1,2";
			};
			name = Release;
		};
/* End XCBuildConfiguration section */

/* Begin XCConfigurationList section */
		105596AA2AFBE3B000D70E6E /* Build configuration list for PBXProject "AirBnbClone" */ = {
			isa = XCConfigurationList;
			buildConfigurations = (
				105596BB2AFBE3B300D70E6E /* Debug */,
				105596BC2AFBE3B300D70E6E /* Release */,
			);
			defaultConfigurationIsVisible = 0;
			defaultConfigurationName = Release;
		};
		105596BD2AFBE3B300D70E6E /* Build configuration list for PBXNativeTarget "AirBnbClone" */ = {
			isa = XCConfigurationList;
			buildConfigurations = (
				105596BE2AFBE3B300D70E6E /* Debug */,
				105596BF2AFBE3B300D70E6E /* Release */,
			);
			defaultConfigurationIsVisible = 0;
			defaultConfigurationName = Release;
		};
/* End XCConfigurationList section */
	};
	rootObject = 105596A72AFBE3B000D70E6E /* Project object */;
}
